
Microsoft Visual Studio Solution File, Format Version 12.00
# Visual Studio Version 16
VisualStudioVersion = 16.0.31205.134
MinimumVisualStudioVersion = 10.0.40219.1
Project("{9A19103F-16F7-4668-BE54-9A1E7A4F7556}") = "Calculadora", "Calculadora\Calculadora.csproj", "{414AEE5A-E1BB-4AD4-87FD-5E6086FA2701}"
EndProject
Global
	GlobalSection(SolutionConfigurationPlatforms) = preSolution
		Debug|Any CPU = Debug|Any CPU
		Release|Any CPU = Release|Any CPU
	EndGlobalSection
	GlobalSection(ProjectConfigurationPlatforms) = postSolution
		{414AEE5A-E1BB-4AD4-87FD-5E6086FA2701}.Debug|Any CPU.ActiveCfg = Debug|Any CPU
		{414AEE5A-E1BB-4AD4-87FD-5E6086FA2701}.Debug|Any CPU.Build.0 = Debug|Any CPU
		{414AEE5A-E1BB-4AD4-87FD-5E6086FA2701}.Release|Any CPU.ActiveCfg = Release|Any CPU
		{414AEE5A-E1BB-4AD4-87FD-5E6086FA2701}.Release|Any CPU.Build.0 = Release|Any CPU
	EndGlobalSection
	GlobalSection(SolutionProperties) = preSolution
		HideSolutionNode = FALSE
	EndGlobalSection
	GlobalSection(ExtensibilityGlobals) = postSolution
		SolutionGuid = {632CC584-7AE1-4522-A309-F2CE065B700B}
	EndGlobalSection
EndGlobal
